
Microsoft Visual Studio Solution File, Format Version 12.00
# Visual Studio 15
VisualStudioVersion = 15.0.28010.2048
MinimumVisualStudioVersion = 10.0.40219.1
Project("{FAE04EC0-301F-11D3-BF4B-00C04F79EFBC}") = "WCFService", "WCFService\WCFService.csproj", "{7116B953-B2B2-4DE7-B7FD-B7165C87A50C}"
EndProject
Global
	GlobalSection(SolutionConfigurationPlatforms) = preSolution
		Debug|Any CPU = Debug|Any CPU
		Release|Any CPU = Release|Any CPU
	EndGlobalSection
	GlobalSection(ProjectConfigurationPlatforms) = postSolution
		{7116B953-B2B2-4DE7-B7FD-B7165C87A50C}.Debug|Any CPU.ActiveCfg = Debug|Any CPU
		{7116B953-B2B2-4DE7-B7FD-B7165C87A50C}.Debug|Any CPU.Build.0 = Debug|Any CPU
		{7116B953-B2B2-4DE7-B7FD-B7165C87A50C}.Release|Any CPU.ActiveCfg = Release|Any CPU
		{7116B953-B2B2-4DE7-B7FD-B7165C87A50C}.Release|Any CPU.Build.0 = Release|Any CPU
	EndGlobalSection
	GlobalSection(SolutionProperties) = preSolution
		HideSolutionNode = FALSE
	EndGlobalSection
	GlobalSection(ExtensibilityGlobals) = postSolution
		SolutionGuid = {702BEA4B-B356-4AF8-9699-D5930EF246C7}
	EndGlobalSection
EndGlobal
